
Microsoft Visual Studio Solution File, Format Version 12.00
# Visual Studio Version 17
VisualStudioVersion = 17.14.36623.8 d17.14
MinimumVisualStudioVersion = 10.0.40219.1
Project("{FAE04EC0-301F-11D3-BF4B-00C04F79EFBC}") = "infotecs", "infotecs\infotecs.csproj", "{09C0DB65-6E17-4AAB-810C-A95B2F553BC4}"
EndProject
Global
	GlobalSection(SolutionConfigurationPlatforms) = preSolution
		Debug|Any CPU = Debug|Any CPU
		Release|Any CPU = Release|Any CPU
	EndGlobalSection
	GlobalSection(ProjectConfigurationPlatforms) = postSolution
		{09C0DB65-6E17-4AAB-810C-A95B2F553BC4}.Debug|Any CPU.ActiveCfg = Debug|Any CPU
		{09C0DB65-6E17-4AAB-810C-A95B2F553BC4}.Debug|Any CPU.Build.0 = Debug|Any CPU
		{09C0DB65-6E17-4AAB-810C-A95B2F553BC4}.Release|Any CPU.ActiveCfg = Release|Any CPU
		{09C0DB65-6E17-4AAB-810C-A95B2F553BC4}.Release|Any CPU.Build.0 = Release|Any CPU
	EndGlobalSection
	GlobalSection(SolutionProperties) = preSolution
		HideSolutionNode = FALSE
	EndGlobalSection
	GlobalSection(ExtensibilityGlobals) = postSolution
		SolutionGuid = {A8B152F1-1794-44A7-A1A0-CD9F66A2D723}
	EndGlobalSection
EndGlobal
